// !$*UTF8*$!
{
	archiveVersion = 1;
	classes = {
	};
	objectVersion = 46;
	objects = {

/* Begin PBXBuildFile section */
		5024903E1A2F64B200CDA666 /* ProvisioningService.swift in Sources */ = {isa = PBXBuildFile; fileRef = 5024903D1A2F64B200CDA666 /* ProvisioningService.swift */; };
		502FE6E61A2DDAA4000A39C5 /* BoxAndItemData.swift in Sources */ = {isa = PBXBuildFile; fileRef = 502FE6E51A2DDAA4000A39C5 /* BoxAndItemData.swift */; };
		503210F81A2FCE8F00B8BE74 /* DomainEventPublisher.swift in Sources */ = {isa = PBXBuildFile; fileRef = 503210F71A2FCE8F00B8BE74 /* DomainEventPublisher.swift */; };
		508D66EA1A30C9F000D5DF01 /* TestDomainEventPublisher.swift in Sources */ = {isa = PBXBuildFile; fileRef = 508D66E91A30C9F000D5DF01 /* TestDomainEventPublisher.swift */; };
		508D66EC1A30CD8900D5DF01 /* DomainEvents.swift in Sources */ = {isa = PBXBuildFile; fileRef = 508D66EB1A30CD8900D5DF01 /* DomainEvents.swift */; };
		509CA3E91A30C5D70001AB6A /* DomainEventPublisherTests.swift in Sources */ = {isa = PBXBuildFile; fileRef = 509CA3E81A30C5D70001AB6A /* DomainEventPublisherTests.swift */; };
		509CA3EB1A30C91D0001AB6A /* ProvisioningServiceTests.swift in Sources */ = {isa = PBXBuildFile; fileRef = 509CA3EA1A30C91D0001AB6A /* ProvisioningServiceTests.swift */; };
		50C251811A2FA0D400595098 /* Utilities.swift in Sources */ = {isa = PBXBuildFile; fileRef = 50C251801A2FA0D400595098 /* Utilities.swift */; };
		50E0F48B1B5D27E600FC4954 /* DomainEventSubscription.swift in Sources */ = {isa = PBXBuildFile; fileRef = 50E0F48A1B5D27E600FC4954 /* DomainEventSubscription.swift */; };
		50E441921B5A9BC000AFC62D /* Optionals.swift in Sources */ = {isa = PBXBuildFile; fileRef = 50E441911B5A9BC000AFC62D /* Optionals.swift */; };
		50E441931B5A9BDF00AFC62D /* Optionals.swift in Sources */ = {isa = PBXBuildFile; fileRef = 50E441911B5A9BC000AFC62D /* Optionals.swift */; };
		50E441951B5AAAC300AFC62D /* BoxId.swift in Sources */ = {isa = PBXBuildFile; fileRef = 50E441941B5AAAC300AFC62D /* BoxId.swift */; };
		50E441971B5AAB1000AFC62D /* ItemId.swift in Sources */ = {isa = PBXBuildFile; fileRef = 50E441961B5AAB1000AFC62D /* ItemId.swift */; };
		602C6CFA1A28B632004D0A4C /* ManageBoxesAndItems.swift in Sources */ = {isa = PBXBuildFile; fileRef = 602C6CF91A28B632004D0A4C /* ManageBoxesAndItems.swift */; };
		60A11C061A288763006954EA /* Entity.swift in Sources */ = {isa = PBXBuildFile; fileRef = 60A11C051A288763006954EA /* Entity.swift */; };
		60AEEEC41A239A4300C05636 /* ServiceLocator.swift in Sources */ = {isa = PBXBuildFile; fileRef = 60AEEEC31A239A4300C05636 /* ServiceLocator.swift */; };
		60AEEEC71A248AF300C05636 /* HandleBoxAndItemModifications.swift in Sources */ = {isa = PBXBuildFile; fileRef = 60AEEEC61A248AF300C05636 /* HandleBoxAndItemModifications.swift */; };
		60B2D70A1A1A3B7C0045D11F /* ItemManagementWindowController.swift in Sources */ = {isa = PBXBuildFile; fileRef = 60B2D7081A1A3B7C0045D11F /* ItemManagementWindowController.swift */; };
		60B2D70B1A1A3B7C0045D11F /* ItemManagementWindowController.xib in Resources */ = {isa = PBXBuildFile; fileRef = 60B2D7091A1A3B7C0045D11F /* ItemManagementWindowController.xib */; };
		60B2D70D1A1A40960045D11F /* ItemViewController.swift in Sources */ = {isa = PBXBuildFile; fileRef = 60B2D70C1A1A40960045D11F /* ItemViewController.swift */; };
		60BF3C581A238676002598DB /* UseBoxAndItemTests.swift in Sources */ = {isa = PBXBuildFile; fileRef = 60BF3C571A238676002598DB /* UseBoxAndItemTests.swift */; };
		60BF3C5A1A238B11002598DB /* CoreDataBoxRepository.swift in Sources */ = {isa = PBXBuildFile; fileRef = 60BF3C591A238B11002598DB /* CoreDataBoxRepository.swift */; };
		60BF3C601A238DA3002598DB /* Box.swift in Sources */ = {isa = PBXBuildFile; fileRef = 60BF3C5F1A238DA3002598DB /* Box.swift */; };
		60BF3C621A238DA4002598DB /* Item.swift in Sources */ = {isa = PBXBuildFile; fileRef = 60BF3C611A238DA4002598DB /* Item.swift */; };
		60C04BA41A18DFD700F4665D /* AppDelegate.swift in Sources */ = {isa = PBXBuildFile; fileRef = 60C04BA31A18DFD700F4665D /* AppDelegate.swift */; };
		60C04BA71A18DFD700F4665D /* DDDViewDataExample.xcdatamodeld in Sources */ = {isa = PBXBuildFile; fileRef = 60C04BA51A18DFD700F4665D /* DDDViewDataExample.xcdatamodeld */; };
		60C04BA91A18DFD700F4665D /* Images.xcassets in Resources */ = {isa = PBXBuildFile; fileRef = 60C04BA81A18DFD700F4665D /* Images.xcassets */; };
		60C04BAC1A18DFD700F4665D /* MainMenu.xib in Resources */ = {isa = PBXBuildFile; fileRef = 60C04BAA1A18DFD700F4665D /* MainMenu.xib */; };
		60C04BC21A18DFFE00F4665D /* PersistentStack.swift in Sources */ = {isa = PBXBuildFile; fileRef = 60C04BC11A18DFFE00F4665D /* PersistentStack.swift */; };
		60C04BC41A18E4FF00F4665D /* CoreDataTestCase.swift in Sources */ = {isa = PBXBuildFile; fileRef = 60C04BC31A18E4FF00F4665D /* CoreDataTestCase.swift */; };
		60C04BC71A18F71000F4665D /* PersistentStackTests.swift in Sources */ = {isa = PBXBuildFile; fileRef = 60C04BC61A18F71000F4665D /* PersistentStackTests.swift */; };
		60C04BD51A191CE000F4665D /* CoreDataBoxRepositoryTests.swift in Sources */ = {isa = PBXBuildFile; fileRef = 60C04BD41A191CE000F4665D /* CoreDataBoxRepositoryTests.swift */; };
		60DBD0661A2787BB00ED4783 /* Identifiable.swift in Sources */ = {isa = PBXBuildFile; fileRef = 60DBD0651A2787BB00ED4783 /* Identifiable.swift */; };
		60DBD0681A27939600ED4783 /* ManagedBoxTests.swift in Sources */ = {isa = PBXBuildFile; fileRef = 60DBD0671A27939600ED4783 /* ManagedBoxTests.swift */; };
		60F7EFEB1A1A483500EB9099 /* XCTestCase+CocoaBindings.swift in Sources */ = {isa = PBXBuildFile; fileRef = 60F7EFEA1A1A483500EB9099 /* XCTestCase+CocoaBindings.swift */; };
		60F7EFEE1A1A52EB00EB9099 /* ItemViewControllerTests.swift in Sources */ = {isa = PBXBuildFile; fileRef = 60F7EFEC1A1A508000EB9099 /* ItemViewControllerTests.swift */; };
/* End PBXBuildFile section */

/* Begin PBXContainerItemProxy section */
		60C04BB21A18DFD700F4665D /* PBXContainerItemProxy */ = {
			isa = PBXContainerItemProxy;
			containerPortal = 60C04B961A18DFD700F4665D /* Project object */;
			proxyType = 1;
			remoteGlobalIDString = 60C04B9D1A18DFD700F4665D;
			remoteInfo = DDDViewDataExample;
		};
/* End PBXContainerItemProxy section */

/* Begin PBXFileReference section */
		5024903D1A2F64B200CDA666 /* ProvisioningService.swift */ = {isa = PBXFileReference; fileEncoding = 4; lastKnownFileType = sourcecode.swift; path = ProvisioningService.swift; sourceTree = "<group>"; };
		502FE6E51A2DDAA4000A39C5 /* BoxAndItemData.swift */ = {isa = PBXFileReference; fileEncoding = 4; lastKnownFileType = sourcecode.swift; path = BoxAndItemData.swift; sourceTree = "<group>"; };
		503210F71A2FCE8F00B8BE74 /* DomainEventPublisher.swift */ = {isa = PBXFileReference; fileEncoding = 4; lastKnownFileType = sourcecode.swift; path = DomainEventPublisher.swift; sourceTree = "<group>"; };
		506007461B660E2900C45369 /* DDDViewDataExample 2.xcdatamodel */ = {isa = PBXFileReference; lastKnownFileType = wrapper.xcdatamodel; path = "DDDViewDataExample 2.xcdatamodel"; sourceTree = "<group>"; };
		508D66E91A30C9F000D5DF01 /* TestDomainEventPublisher.swift */ = {isa = PBXFileReference; fileEncoding = 4; lastKnownFileType = sourcecode.swift; path = TestDomainEventPublisher.swift; sourceTree = "<group>"; };
		508D66EB1A30CD8900D5DF01 /* DomainEvents.swift */ = {isa = PBXFileReference; fileEncoding = 4; lastKnownFileType = sourcecode.swift; path = DomainEvents.swift; sourceTree = "<group>"; };
		509CA3E81A30C5D70001AB6A /* DomainEventPublisherTests.swift */ = {isa = PBXFileReference; fileEncoding = 4; lastKnownFileType = sourcecode.swift; path = DomainEventPublisherTests.swift; sourceTree = "<group>"; };
		509CA3EA1A30C91D0001AB6A /* ProvisioningServiceTests.swift */ = {isa = PBXFileReference; fileEncoding = 4; lastKnownFileType = sourcecode.swift; path = ProvisioningServiceTests.swift; sourceTree = "<group>"; };
		50C251801A2FA0D400595098 /* Utilities.swift */ = {isa = PBXFileReference; fileEncoding = 4; lastKnownFileType = sourcecode.swift; path = Utilities.swift; sourceTree = "<group>"; };
		50E0F48A1B5D27E600FC4954 /* DomainEventSubscription.swift */ = {isa = PBXFileReference; fileEncoding = 4; lastKnownFileType = sourcecode.swift; path = DomainEventSubscription.swift; sourceTree = "<group>"; };
		50E441911B5A9BC000AFC62D /* Optionals.swift */ = {isa = PBXFileReference; fileEncoding = 4; lastKnownFileType = sourcecode.swift; path = Optionals.swift; sourceTree = "<group>"; };
		50E441941B5AAAC300AFC62D /* BoxId.swift */ = {isa = PBXFileReference; fileEncoding = 4; lastKnownFileType = sourcecode.swift; path = BoxId.swift; sourceTree = "<group>"; };
		50E441961B5AAB1000AFC62D /* ItemId.swift */ = {isa = PBXFileReference; fileEncoding = 4; lastKnownFileType = sourcecode.swift; path = ItemId.swift; sourceTree = "<group>"; };
		602C6CF91A28B632004D0A4C /* ManageBoxesAndItems.swift */ = {isa = PBXFileReference; fileEncoding = 4; lastKnownFileType = sourcecode.swift; path = ManageBoxesAndItems.swift; sourceTree = "<group>"; };
		60A11C051A288763006954EA /* Entity.swift */ = {isa = PBXFileReference; fileEncoding = 4; lastKnownFileType = sourcecode.swift; path = Entity.swift; sourceTree = "<group>"; };
		60AEEEC31A239A4300C05636 /* ServiceLocator.swift */ = {isa = PBXFileReference; fileEncoding = 4; lastKnownFileType = sourcecode.swift; path = ServiceLocator.swift; sourceTree = "<group>"; };
		60AEEEC61A248AF300C05636 /* HandleBoxAndItemModifications.swift */ = {isa = PBXFileReference; fileEncoding = 4; lastKnownFileType = sourcecode.swift; path = HandleBoxAndItemModifications.swift; sourceTree = "<group>"; };
		60B2D7081A1A3B7C0045D11F /* ItemManagementWindowController.swift */ = {isa = PBXFileReference; fileEncoding = 4; lastKnownFileType = sourcecode.swift; path = ItemManagementWindowController.swift; sourceTree = "<group>"; };
		60B2D7091A1A3B7C0045D11F /* ItemManagementWindowController.xib */ = {isa = PBXFileReference; fileEncoding = 4; lastKnownFileType = file.xib; path = ItemManagementWindowController.xib; sourceTree = "<group>"; };
		60B2D70C1A1A40960045D11F /* ItemViewController.swift */ = {isa = PBXFileReference; fileEncoding = 4; lastKnownFileType = sourcecode.swift; path = ItemViewController.swift; sourceTree = "<group>"; };
		60BF3C571A238676002598DB /* UseBoxAndItemTests.swift */ = {isa = PBXFileReference; fileEncoding = 4; lastKnownFileType = sourcecode.swift; path = UseBoxAndItemTests.swift; sourceTree = "<group>"; };
		60BF3C591A238B11002598DB /* CoreDataBoxRepository.swift */ = {isa = PBXFileReference; fileEncoding = 4; lastKnownFileType = sourcecode.swift; path = CoreDataBoxRepository.swift; sourceTree = "<group>"; };
		60BF3C5F1A238DA3002598DB /* Box.swift */ = {isa = PBXFileReference; fileEncoding = 4; lastKnownFileType = sourcecode.swift; path = Box.swift; sourceTree = "<group>"; };
		60BF3C611A238DA4002598DB /* Item.swift */ = {isa = PBXFileReference; fileEncoding = 4; lastKnownFileType = sourcecode.swift; path = Item.swift; sourceTree = "<group>"; };
		60C04B9E1A18DFD700F4665D /* DDDViewDataExample.app */ = {isa = PBXFileReference; explicitFileType = wrapper.application; includeInIndex = 0; path = DDDViewDataExample.app; sourceTree = BUILT_PRODUCTS_DIR; };
		60C04BA21A18DFD700F4665D /* Info.plist */ = {isa = PBXFileReference; lastKnownFileType = text.plist.xml; path = Info.plist; sourceTree = "<group>"; };
		60C04BA31A18DFD700F4665D /* AppDelegate.swift */ = {isa = PBXFileReference; lastKnownFileType = sourcecode.swift; path = AppDelegate.swift; sourceTree = "<group>"; };
		60C04BA61A18DFD700F4665D /* DDDViewDataExample.xcdatamodel */ = {isa = PBXFileReference; lastKnownFileType = wrapper.xcdatamodel; path = DDDViewDataExample.xcdatamodel; sourceTree = "<group>"; };
		60C04BA81A18DFD700F4665D /* Images.xcassets */ = {isa = PBXFileReference; lastKnownFileType = folder.assetcatalog; path = Images.xcassets; sourceTree = "<group>"; };
		60C04BAB1A18DFD700F4665D /* Base */ = {isa = PBXFileReference; lastKnownFileType = file.xib; name = Base; path = Base.lproj/MainMenu.xib; sourceTree = "<group>"; };
		60C04BB11A18DFD700F4665D /* DDDViewDataExampleTests.xctest */ = {isa = PBXFileReference; explicitFileType = wrapper.cfbundle; includeInIndex = 0; path = DDDViewDataExampleTests.xctest; sourceTree = BUILT_PRODUCTS_DIR; };
		60C04BB61A18DFD700F4665D /* Info.plist */ = {isa = PBXFileReference; lastKnownFileType = text.plist.xml; path = Info.plist; sourceTree = "<group>"; };
		60C04BC11A18DFFE00F4665D /* PersistentStack.swift */ = {isa = PBXFileReference; fileEncoding = 4; lastKnownFileType = sourcecode.swift; path = PersistentStack.swift; sourceTree = "<group>"; };
		60C04BC31A18E4FF00F4665D /* CoreDataTestCase.swift */ = {isa = PBXFileReference; fileEncoding = 4; lastKnownFileType = sourcecode.swift; path = CoreDataTestCase.swift; sourceTree = "<group>"; };
		60C04BC61A18F71000F4665D /* PersistentStackTests.swift */ = {isa = PBXFileReference; fileEncoding = 4; lastKnownFileType = sourcecode.swift; path = PersistentStackTests.swift; sourceTree = "<group>"; };
		60C04BD41A191CE000F4665D /* CoreDataBoxRepositoryTests.swift */ = {isa = PBXFileReference; fileEncoding = 4; lastKnownFileType = sourcecode.swift; path = CoreDataBoxRepositoryTests.swift; sourceTree = "<group>"; };
		60DBD0651A2787BB00ED4783 /* Identifiable.swift */ = {isa = PBXFileReference; fileEncoding = 4; lastKnownFileType = sourcecode.swift; path = Identifiable.swift; sourceTree = "<group>"; };
		60DBD0671A27939600ED4783 /* ManagedBoxTests.swift */ = {isa = PBXFileReference; fileEncoding = 4; lastKnownFileType = sourcecode.swift; path = ManagedBoxTests.swift; sourceTree = "<group>"; };
		60F7EFEA1A1A483500EB9099 /* XCTestCase+CocoaBindings.swift */ = {isa = PBXFileReference; fileEncoding = 4; lastKnownFileType = sourcecode.swift; path = "XCTestCase+CocoaBindings.swift"; sourceTree = "<group>"; };
		60F7EFEC1A1A508000EB9099 /* ItemViewControllerTests.swift */ = {isa = PBXFileReference; fileEncoding = 4; lastKnownFileType = sourcecode.swift; path = ItemViewControllerTests.swift; sourceTree = "<group>"; };
/* End PBXFileReference section */

/* Begin PBXFrameworksBuildPhase section */
		60C04B9B1A18DFD700F4665D /* Frameworks */ = {
			isa = PBXFrameworksBuildPhase;
			buildActionMask = 2147483647;
			files = (
			);
			runOnlyForDeploymentPostprocessing = 0;
		};
		60C04BAE1A18DFD700F4665D /* Frameworks */ = {
			isa = PBXFrameworksBuildPhase;
			buildActionMask = 2147483647;
			files = (
			);
			runOnlyForDeploymentPostprocessing = 0;
		};
/* End PBXFrameworksBuildPhase section */

/* Begin PBXGroup section */
		504D01711A2FD2A700403673 /* Resources */ = {
			isa = PBXGroup;
			children = (
				60C04BA81A18DFD700F4665D /* Images.xcassets */,
				60C04BAA1A18DFD700F4665D /* MainMenu.xib */,
			);
			name = Resources;
			sourceTree = "<group>";
		};
		50E441901B5A9BAD00AFC62D /* Shared */ = {
			isa = PBXGroup;
			children = (
				50E441911B5A9BC000AFC62D /* Optionals.swift */,
			);
			path = Shared;
			sourceTree = "<group>";
		};
		60AEEEC51A248ADA00C05636 /* Application */ = {
			isa = PBXGroup;
			children = (
				602C6CF91A28B632004D0A4C /* ManageBoxesAndItems.swift */,
				60AEEEC61A248AF300C05636 /* HandleBoxAndItemModifications.swift */,
			);
			name = Application;
			sourceTree = "<group>";
		};
		60BF3C551A238655002598DB /* Unit */ = {
			isa = PBXGroup;
			children = (
				60C04BC61A18F71000F4665D /* PersistentStackTests.swift */,
				60C04BD41A191CE000F4665D /* CoreDataBoxRepositoryTests.swift */,
				60F7EFEC1A1A508000EB9099 /* ItemViewControllerTests.swift */,
				60DBD0671A27939600ED4783 /* ManagedBoxTests.swift */,
				509CA3E81A30C5D70001AB6A /* DomainEventPublisherTests.swift */,
				509CA3EA1A30C91D0001AB6A /* ProvisioningServiceTests.swift */,
			);
			name = Unit;
			sourceTree = "<group>";
		};
		60BF3C561A23865A002598DB /* Functional */ = {
			isa = PBXGroup;
			children = (
				60BF3C571A238676002598DB /* UseBoxAndItemTests.swift */,
			);
			name = Functional;
			sourceTree = "<group>";
		};
		60C04B951A18DFD700F4665D = {
			isa = PBXGroup;
			children = (
				50E441901B5A9BAD00AFC62D /* Shared */,
				60C04BA01A18DFD700F4665D /* DDDViewDataExample */,
				60C04BB41A18DFD700F4665D /* DDDViewDataExampleTests */,
				60C04B9F1A18DFD700F4665D /* Products */,
			);
			sourceTree = "<group>";
		};
		60C04B9F1A18DFD700F4665D /* Products */ = {
			isa = PBXGroup;
			children = (
				60C04B9E1A18DFD700F4665D /* DDDViewDataExample.app */,
				60C04BB11A18DFD700F4665D /* DDDViewDataExampleTests.xctest */,
			);
			name = Products;
			sourceTree = "<group>";
		};
		60C04BA01A18DFD700F4665D /* DDDViewDataExample */ = {
			isa = PBXGroup;
			children = (
				60C04BCE1A191A6A00F4665D /* Infrastructure */,
				60C04BD01A191A8300F4665D /* Domain */,
				60AEEEC51A248ADA00C05636 /* Application */,
				60C04BCF1A191A7500F4665D /* User Interface */,
				50C251801A2FA0D400595098 /* Utilities.swift */,
				504D01711A2FD2A700403673 /* Resources */,
				60C04BA11A18DFD700F4665D /* Supporting Files */,
			);
			path = DDDViewDataExample;
			sourceTree = "<group>";
		};
		60C04BA11A18DFD700F4665D /* Supporting Files */ = {
			isa = PBXGroup;
			children = (
				60C04BA21A18DFD700F4665D /* Info.plist */,
			);
			name = "Supporting Files";
			sourceTree = "<group>";
		};
		60C04BB41A18DFD700F4665D /* DDDViewDataExampleTests */ = {
			isa = PBXGroup;
			children = (
				60BF3C561A23865A002598DB /* Functional */,
				60BF3C551A238655002598DB /* Unit */,
				60C04BB51A18DFD700F4665D /* Supporting Files */,
			);
			path = DDDViewDataExampleTests;
			sourceTree = "<group>";
		};
		60C04BB51A18DFD700F4665D /* Supporting Files */ = {
			isa = PBXGroup;
			children = (
				60C04BC31A18E4FF00F4665D /* CoreDataTestCase.swift */,
				60F7EFEA1A1A483500EB9099 /* XCTestCase+CocoaBindings.swift */,
				508D66E91A30C9F000D5DF01 /* TestDomainEventPublisher.swift */,
				60C04BB61A18DFD700F4665D /* Info.plist */,
			);
			name = "Supporting Files";
			sourceTree = "<group>";
		};
		60C04BCB1A19177D00F4665D /* Core Data */ = {
			isa = PBXGroup;
			children = (
				60C04BA51A18DFD700F4665D /* DDDViewDataExample.xcdatamodeld */,
				60C04BC11A18DFFE00F4665D /* PersistentStack.swift */,
			);
			name = "Core Data";
			sourceTree = "<group>";
		};
		60C04BCE1A191A6A00F4665D /* Infrastructure */ = {
			isa = PBXGroup;
			children = (
				60C04BA31A18DFD700F4665D /* AppDelegate.swift */,
				60AEEEC31A239A4300C05636 /* ServiceLocator.swift */,
				60C04BCB1A19177D00F4665D /* Core Data */,
				60C04BD31A191BBF00F4665D /* Box & Item */,
			);
			name = Infrastructure;
			sourceTree = "<group>";
		};
		60C04BCF1A191A7500F4665D /* User Interface */ = {
			isa = PBXGroup;
			children = (
				60B2D7081A1A3B7C0045D11F /* ItemManagementWindowController.swift */,
				60B2D7091A1A3B7C0045D11F /* ItemManagementWindowController.xib */,
				60B2D70C1A1A40960045D11F /* ItemViewController.swift */,
				502FE6E51A2DDAA4000A39C5 /* BoxAndItemData.swift */,
			);
			name = "User Interface";
			sourceTree = "<group>";
		};
		60C04BD01A191A8300F4665D /* Domain */ = {
			isa = PBXGroup;
			children = (
				5024903D1A2F64B200CDA666 /* ProvisioningService.swift */,
				503210F71A2FCE8F00B8BE74 /* DomainEventPublisher.swift */,
				50E0F48A1B5D27E600FC4954 /* DomainEventSubscription.swift */,
				508D66EB1A30CD8900D5DF01 /* DomainEvents.swift */,
				60DBD0651A2787BB00ED4783 /* Identifiable.swift */,
				50E441961B5AAB1000AFC62D /* ItemId.swift */,
				50E441941B5AAAC300AFC62D /* BoxId.swift */,
			);
			name = Domain;
			sourceTree = "<group>";
		};
		60C04BD31A191BBF00F4665D /* Box & Item */ = {
			isa = PBXGroup;
			children = (
				60A11C051A288763006954EA /* Entity.swift */,
				60BF3C591A238B11002598DB /* CoreDataBoxRepository.swift */,
				60BF3C5F1A238DA3002598DB /* Box.swift */,
				60BF3C611A238DA4002598DB /* Item.swift */,
			);
			name = "Box & Item";
			sourceTree = "<group>";
		};
/* End PBXGroup section */

/* Begin PBXNativeTarget section */
		60C04B9D1A18DFD700F4665D /* DDDViewDataExample */ = {
			isa = PBXNativeTarget;
			buildConfigurationList = 60C04BBB1A18DFD700F4665D /* Build configuration list for PBXNativeTarget "DDDViewDataExample" */;
			buildPhases = (
				60C04B9A1A18DFD700F4665D /* Sources */,
				60C04B9B1A18DFD700F4665D /* Frameworks */,
				60C04B9C1A18DFD700F4665D /* Resources */,
			);
			buildRules = (
			);
			dependencies = (
			);
			name = DDDViewDataExample;
			productName = DDDViewDataExample;
			productReference = 60C04B9E1A18DFD700F4665D /* DDDViewDataExample.app */;
			productType = "com.apple.product-type.application";
		};
		60C04BB01A18DFD700F4665D /* DDDViewDataExampleTests */ = {
			isa = PBXNativeTarget;
			buildConfigurationList = 60C04BBE1A18DFD700F4665D /* Build configuration list for PBXNativeTarget "DDDViewDataExampleTests" */;
			buildPhases = (
				60C04BAD1A18DFD700F4665D /* Sources */,
				60C04BAE1A18DFD700F4665D /* Frameworks */,
				60C04BAF1A18DFD700F4665D /* Resources */,
			);
			buildRules = (
			);
			dependencies = (
				60C04BB31A18DFD700F4665D /* PBXTargetDependency */,
			);
			name = DDDViewDataExampleTests;
			productName = DDDViewDataExampleTests;
			productReference = 60C04BB11A18DFD700F4665D /* DDDViewDataExampleTests.xctest */;
			productType = "com.apple.product-type.bundle.unit-test";
		};
/* End PBXNativeTarget section */

/* Begin PBXProject section */
		60C04B961A18DFD700F4665D /* Project object */ = {
			isa = PBXProject;
			attributes = {
				LastSwiftMigration = 0700;
				LastSwiftUpdateCheck = 0700;
				LastUpgradeCheck = 0700;
				ORGANIZATIONNAME = "Christian Tietze";
				TargetAttributes = {
					60C04B9D1A18DFD700F4665D = {
						CreatedOnToolsVersion = 6.1;
					};
					60C04BB01A18DFD700F4665D = {
						CreatedOnToolsVersion = 6.1;
						TestTargetID = 60C04B9D1A18DFD700F4665D;
					};
				};
			};
			buildConfigurationList = 60C04B991A18DFD700F4665D /* Build configuration list for PBXProject "DDDViewDataExample" */;
			compatibilityVersion = "Xcode 3.2";
			developmentRegion = English;
			hasScannedForEncodings = 0;
			knownRegions = (
				en,
				Base,
			);
			mainGroup = 60C04B951A18DFD700F4665D;
			productRefGroup = 60C04B9F1A18DFD700F4665D /* Products */;
			projectDirPath = "";
			projectRoot = "";
			targets = (
				60C04B9D1A18DFD700F4665D /* DDDViewDataExample */,
				60C04BB01A18DFD700F4665D /* DDDViewDataExampleTests */,
			);
		};
/* End PBXProject section */

/* Begin PBXResourcesBuildPhase section */
		60C04B9C1A18DFD700F4665D /* Resources */ = {
			isa = PBXResourcesBuildPhase;
			buildActionMask = 2147483647;
			files = (
				60B2D70B1A1A3B7C0045D11F /* ItemManagementWindowController.xib in Resources */,
				60C04BA91A18DFD700F4665D /* Images.xcassets in Resources */,
				60C04BAC1A18DFD700F4665D /* MainMenu.xib in Resources */,
			);
			runOnlyForDeploymentPostprocessing = 0;
		};
		60C04BAF1A18DFD700F4665D /* Resources */ = {
			isa = PBXResourcesBuildPhase;
			buildActionMask = 2147483647;
			files = (
			);
			runOnlyForDeploymentPostprocessing = 0;
		};
/* End PBXResourcesBuildPhase section */

/* Begin PBXSourcesBuildPhase section */
		60C04B9A1A18DFD700F4665D /* Sources */ = {
			isa = PBXSourcesBuildPhase;
			buildActionMask = 2147483647;
			files = (
				60AEEEC71A248AF300C05636 /* HandleBoxAndItemModifications.swift in Sources */,
				50E441921B5A9BC000AFC62D /* Optionals.swift in Sources */,
				503210F81A2FCE8F00B8BE74 /* DomainEventPublisher.swift in Sources */,
				60A11C061A288763006954EA /* Entity.swift in Sources */,
				5024903E1A2F64B200CDA666 /* ProvisioningService.swift in Sources */,
				60AEEEC41A239A4300C05636 /* ServiceLocator.swift in Sources */,
				602C6CFA1A28B632004D0A4C /* ManageBoxesAndItems.swift in Sources */,
				502FE6E61A2DDAA4000A39C5 /* BoxAndItemData.swift in Sources */,
				50C251811A2FA0D400595098 /* Utilities.swift in Sources */,
				60B2D70D1A1A40960045D11F /* ItemViewController.swift in Sources */,
				60B2D70A1A1A3B7C0045D11F /* ItemManagementWindowController.swift in Sources */,
				60BF3C5A1A238B11002598DB /* CoreDataBoxRepository.swift in Sources */,
				508D66EC1A30CD8900D5DF01 /* DomainEvents.swift in Sources */,
				60C04BA71A18DFD700F4665D /* DDDViewDataExample.xcdatamodeld in Sources */,
				60C04BC21A18DFFE00F4665D /* PersistentStack.swift in Sources */,
				60C04BA41A18DFD700F4665D /* AppDelegate.swift in Sources */,
				50E441971B5AAB1000AFC62D /* ItemId.swift in Sources */,
				50E441951B5AAAC300AFC62D /* BoxId.swift in Sources */,
				60DBD0661A2787BB00ED4783 /* Identifiable.swift in Sources */,
				60BF3C601A238DA3002598DB /* Box.swift in Sources */,
				60BF3C621A238DA4002598DB /* Item.swift in Sources */,
				50E0F48B1B5D27E600FC4954 /* DomainEventSubscription.swift in Sources */,
			);
			runOnlyForDeploymentPostprocessing = 0;
		};
		60C04BAD1A18DFD700F4665D /* Sources */ = {
			isa = PBXSourcesBuildPhase;
			buildActionMask = 2147483647;
			files = (
				60DBD0681A27939600ED4783 /* ManagedBoxTests.swift in Sources */,
				60C04BC71A18F71000F4665D /* PersistentStackTests.swift in Sources */,
				60F7EFEB1A1A483500EB9099 /* XCTestCase+CocoaBindings.swift in Sources */,
				60C04BC41A18E4FF00F4665D /* CoreDataTestCase.swift in Sources */,
				60BF3C581A238676002598DB /* UseBoxAndItemTests.swift in Sources */,
				509CA3EB1A30C91D0001AB6A /* ProvisioningServiceTests.swift in Sources */,
				509CA3E91A30C5D70001AB6A /* DomainEventPublisherTests.swift in Sources */,
				60C04BD51A191CE000F4665D /* CoreDataBoxRepositoryTests.swift in Sources */,
				60F7EFEE1A1A52EB00EB9099 /* ItemViewControllerTests.swift in Sources */,
				50E441931B5A9BDF00AFC62D /* Optionals.swift in Sources */,
				508D66EA1A30C9F000D5DF01 /* TestDomainEventPublisher.swift in Sources */,
			);
			runOnlyForDeploymentPostprocessing = 0;
		};
/* End PBXSourcesBuildPhase section */

/* Begin PBXTargetDependency section */
		60C04BB31A18DFD700F4665D /* PBXTargetDependency */ = {
			isa = PBXTargetDependency;
			target = 60C04B9D1A18DFD700F4665D /* DDDViewDataExample */;
			targetProxy = 60C04BB21A18DFD700F4665D /* PBXContainerItemProxy */;
		};
/* End PBXTargetDependency section */

/* Begin PBXVariantGroup section */
		60C04BAA1A18DFD700F4665D /* MainMenu.xib */ = {
			isa = PBXVariantGroup;
			children = (
				60C04BAB1A18DFD700F4665D /* Base */,
			);
			name = MainMenu.xib;
			sourceTree = "<group>";
		};
/* End PBXVariantGroup section */

/* Begin XCBuildConfiguration section */
		60C04BB91A18DFD700F4665D /* Debug */ = {
			isa = XCBuildConfiguration;
			buildSettings = {
				ALWAYS_SEARCH_USER_PATHS = NO;
				CLANG_CXX_LANGUAGE_STANDARD = "gnu++0x";
				CLANG_CXX_LIBRARY = "libc++";
				CLANG_ENABLE_MODULES = YES;
				CLANG_ENABLE_OBJC_ARC = YES;
				CLANG_WARN_BOOL_CONVERSION = YES;
				CLANG_WARN_CONSTANT_CONVERSION = YES;
				CLANG_WARN_DIRECT_OBJC_ISA_USAGE = YES_ERROR;
				CLANG_WARN_EMPTY_BODY = YES;
				CLANG_WARN_ENUM_CONVERSION = YES;
				CLANG_WARN_INT_CONVERSION = YES;
				CLANG_WARN_OBJC_ROOT_CLASS = YES_ERROR;
				CLANG_WARN_UNREACHABLE_CODE = YES;
				CLANG_WARN__DUPLICATE_METHOD_MATCH = YES;
				CODE_SIGN_IDENTITY = "-";
				COPY_PHASE_STRIP = NO;
				ENABLE_STRICT_OBJC_MSGSEND = YES;
				ENABLE_TESTABILITY = YES;
				GCC_C_LANGUAGE_STANDARD = gnu99;
				GCC_DYNAMIC_NO_PIC = NO;
				GCC_OPTIMIZATION_LEVEL = 0;
				GCC_PREPROCESSOR_DEFINITIONS = (
					"DEBUG=1",
					"$(inherited)",
				);
				GCC_SYMBOLS_PRIVATE_EXTERN = NO;
				GCC_WARN_64_TO_32_BIT_CONVERSION = YES;
				GCC_WARN_ABOUT_RETURN_TYPE = YES_ERROR;
				GCC_WARN_UNDECLARED_SELECTOR = YES;
				GCC_WARN_UNINITIALIZED_AUTOS = YES_AGGRESSIVE;
				GCC_WARN_UNUSED_FUNCTION = YES;
				GCC_WARN_UNUSED_VARIABLE = YES;
				MACOSX_DEPLOYMENT_TARGET = 10.9;
				MTL_ENABLE_DEBUG_INFO = YES;
				ONLY_ACTIVE_ARCH = YES;
				SDKROOT = macosx;
				SWIFT_OPTIMIZATION_LEVEL = "-Onone";
			};
			name = Debug;
		};
		60C04BBA1A18DFD700F4665D /* Release */ = {
			isa = XCBuildConfiguration;
			buildSettings = {
				ALWAYS_SEARCH_USER_PATHS = NO;
				CLANG_CXX_LANGUAGE_STANDARD = "gnu++0x";
				CLANG_CXX_LIBRARY = "libc++";
				CLANG_ENABLE_MODULES = YES;
				CLANG_ENABLE_OBJC_ARC = YES;
				CLANG_WARN_BOOL_CONVERSION = YES;
				CLANG_WARN_CONSTANT_CONVERSION = YES;
				CLANG_WARN_DIRECT_OBJC_ISA_USAGE = YES_ERROR;
				CLANG_WARN_EMPTY_BODY = YES;
				CLANG_WARN_ENUM_CONVERSION = YES;
				CLANG_WARN_INT_CONVERSION = YES;
				CLANG_WARN_OBJC_ROOT_CLASS = YES_ERROR;
				CLANG_WARN_UNREACHABLE_CODE = YES;
				CLANG_WARN__DUPLICATE_METHOD_MATCH = YES;
				CODE_SIGN_IDENTITY = "-";
				COPY_PHASE_STRIP = YES;
				DEBUG_INFORMATION_FORMAT = "dwarf-with-dsym";
				ENABLE_NS_ASSERTIONS = NO;
				ENABLE_STRICT_OBJC_MSGSEND = YES;
				GCC_C_LANGUAGE_STANDARD = gnu99;
				GCC_WARN_64_TO_32_BIT_CONVERSION = YES;
				GCC_WARN_ABOUT_RETURN_TYPE = YES_ERROR;
				GCC_WARN_UNDECLARED_SELECTOR = YES;
				GCC_WARN_UNINITIALIZED_AUTOS = YES_AGGRESSIVE;
				GCC_WARN_UNUSED_FUNCTION = YES;
				GCC_WARN_UNUSED_VARIABLE = YES;
				MACOSX_DEPLOYMENT_TARGET = 10.9;
				MTL_ENABLE_DEBUG_INFO = NO;
				SDKROOT = macosx;
			};
			name = Release;
		};
		60C04BBC1A18DFD700F4665D /* Debug */ = {
			isa = XCBuildConfiguration;
			buildSettings = {
				ASSETCATALOG_COMPILER_APPICON_NAME = AppIcon;
				COMBINE_HIDPI_IMAGES = YES;
				INFOPLIST_FILE = DDDViewDataExample/Info.plist;
				LD_RUNPATH_SEARCH_PATHS = "$(inherited) @executable_path/../Frameworks";
				PRODUCT_BUNDLE_IDENTIFIER = "de.christiantietze.$(PRODUCT_NAME:rfc1034identifier)";
				PRODUCT_NAME = "$(TARGET_NAME)";
			};
			name = Debug;
		};
		60C04BBD1A18DFD700F4665D /* Release */ = {
			isa = XCBuildConfiguration;
			buildSettings = {
				ASSETCATALOG_COMPILER_APPICON_NAME = AppIcon;
				COMBINE_HIDPI_IMAGES = YES;
				INFOPLIST_FILE = DDDViewDataExample/Info.plist;
				LD_RUNPATH_SEARCH_PATHS = "$(inherited) @executable_path/../Frameworks";
				PRODUCT_BUNDLE_IDENTIFIER = "de.christiantietze.$(PRODUCT_NAME:rfc1034identifier)";
				PRODUCT_NAME = "$(TARGET_NAME)";
			};
			name = Release;
		};
		60C04BBF1A18DFD700F4665D /* Debug */ = {
			isa = XCBuildConfiguration;
			buildSettings = {
				BUNDLE_LOADER = "$(TEST_HOST)";
				COMBINE_HIDPI_IMAGES = YES;
				FRAMEWORK_SEARCH_PATHS = (
					"$(DEVELOPER_FRAMEWORKS_DIR)",
					"$(inherited)",
				);
				GCC_PREPROCESSOR_DEFINITIONS = (
					"DEBUG=1",
					"$(inherited)",
				);
				INFOPLIST_FILE = DDDViewDataExampleTests/Info.plist;
				LD_RUNPATH_SEARCH_PATHS = "$(inherited) @executable_path/../Frameworks @loader_path/../Frameworks";
				PRODUCT_BUNDLE_IDENTIFIER = "de.christiantietze.$(PRODUCT_NAME:rfc1034identifier)";
				PRODUCT_NAME = "$(TARGET_NAME)";
				TEST_HOST = "$(BUILT_PRODUCTS_DIR)/DDDViewDataExample.app/Contents/MacOS/DDDViewDataExample";
			};
			name = Debug;
		};
		60C04BC01A18DFD700F4665D /* Release */ = {
			isa = XCBuildConfiguration;
			buildSettings = {
				BUNDLE_LOADER = "$(TEST_HOST)";
				COMBINE_HIDPI_IMAGES = YES;
				FRAMEWORK_SEARCH_PATHS = (
					"$(DEVELOPER_FRAMEWORKS_DIR)",
					"$(inherited)",
				);
				INFOPLIST_FILE = DDDViewDataExampleTests/Info.plist;
				LD_RUNPATH_SEARCH_PATHS = "$(inherited) @executable_path/../Frameworks @loader_path/../Frameworks";
				PRODUCT_BUNDLE_IDENTIFIER = "de.christiantietze.$(PRODUCT_NAME:rfc1034identifier)";
				PRODUCT_NAME = "$(TARGET_NAME)";
				TEST_HOST = "$(BUILT_PRODUCTS_DIR)/DDDViewDataExample.app/Contents/MacOS/DDDViewDataExample";
			};
			name = Release;
		};
/* End XCBuildConfiguration section */

/* Begin XCConfigurationList section */
		60C04B991A18DFD700F4665D /* Build configuration list for PBXProject "DDDViewDataExample" */ = {
			isa = XCConfigurationList;
			buildConfigurations = (
				60C04BB91A18DFD700F4665D /* Debug */,
				60C04BBA1A18DFD700F4665D /* Release */,
			);
			defaultConfigurationIsVisible = 0;
			defaultConfigurationName = Release;
		};
		60C04BBB1A18DFD700F4665D /* Build configuration list for PBXNativeTarget "DDDViewDataExample" */ = {
			isa = XCConfigurationList;
			buildConfigurations = (
				60C04BBC1A18DFD700F4665D /* Debug */,
				60C04BBD1A18DFD700F4665D /* Release */,
			);
			defaultConfigurationIsVisible = 0;
			defaultConfigurationName = Release;
		};
		60C04BBE1A18DFD700F4665D /* Build configuration list for PBXNativeTarget "DDDViewDataExampleTests" */ = {
			isa = XCConfigurationList;
			buildConfigurations = (
				60C04BBF1A18DFD700F4665D /* Debug */,
				60C04BC01A18DFD700F4665D /* Release */,
			);
			defaultConfigurationIsVisible = 0;
			defaultConfigurationName = Release;
		};
/* End XCConfigurationList section */

/* Begin XCVersionGroup section */
		60C04BA51A18DFD700F4665D /* DDDViewDataExample.xcdatamodeld */ = {
			isa = XCVersionGroup;
			children = (
				506007461B660E2900C45369 /* DDDViewDataExample 2.xcdatamodel */,
				60C04BA61A18DFD700F4665D /* DDDViewDataExample.xcdatamodel */,
			);
			currentVersion = 506007461B660E2900C45369 /* DDDViewDataExample 2.xcdatamodel */;
			path = DDDViewDataExample.xcdatamodeld;
			sourceTree = "<group>";
			versionGroupType = wrapper.xcdatamodel;
		};
/* End XCVersionGroup section */
	};
	rootObject = 60C04B961A18DFD700F4665D /* Project object */;
}
